
Microsoft Visual Studio Solution File, Format Version 12.00
# Visual Studio 15
VisualStudioVersion = 15.0.26730.12
MinimumVisualStudioVersion = 10.0.40219.1
Project("{9A19103F-16F7-4668-BE54-9A1E7A4F7556}") = "GettingStarted", "GettingStarted\GettingStarted.csproj", "{6B5EED1F-B4C7-4C50-B835-A82E7E50A3B1}"
EndProject
Project("{9A19103F-16F7-4668-BE54-9A1E7A4F7556}") = "LessonOne", "LessonOne\LessonOne.csproj", "{E8599953-D333-4098-9B2E-62582492D770}"
EndProject
Project("{FAE04EC0-301F-11D3-BF4B-00C04F79EFBC}") = "LessonTwo", "LessonTwo\LessonTwo.csproj", "{034F2C0E-F1A1-4A51-9D94-482D12A366D6}"
EndProject
Project("{FAE04EC0-301F-11D3-BF4B-00C04F79EFBC}") = "LessonThree", "LessonThree\LessonThree.csproj", "{BE69F008-C248-45ED-8769-E1B0087B1208}"
EndProject
Global
	GlobalSection(SolutionConfigurationPlatforms) = preSolution
		Debug|Any CPU = Debug|Any CPU
		Release|Any CPU = Release|Any CPU
	EndGlobalSection
	GlobalSection(ProjectConfigurationPlatforms) = postSolution
		{6B5EED1F-B4C7-4C50-B835-A82E7E50A3B1}.Debug|Any CPU.ActiveCfg = Debug|Any CPU
		{6B5EED1F-B4C7-4C50-B835-A82E7E50A3B1}.Debug|Any CPU.Build.0 = Debug|Any CPU
		{6B5EED1F-B4C7-4C50-B835-A82E7E50A3B1}.Release|Any CPU.ActiveCfg = Release|Any CPU
		{6B5EED1F-B4C7-4C50-B835-A82E7E50A3B1}.Release|Any CPU.Build.0 = Release|Any CPU
		{E8599953-D333-4098-9B2E-62582492D770}.Debug|Any CPU.ActiveCfg = Debug|Any CPU
		{E8599953-D333-4098-9B2E-62582492D770}.Debug|Any CPU.Build.0 = Debug|Any CPU
		{E8599953-D333-4098-9B2E-62582492D770}.Release|Any CPU.ActiveCfg = Release|Any CPU
		{E8599953-D333-4098-9B2E-62582492D770}.Release|Any CPU.Build.0 = Release|Any CPU
		{034F2C0E-F1A1-4A51-9D94-482D12A366D6}.Debug|Any CPU.ActiveCfg = Debug|Any CPU
		{034F2C0E-F1A1-4A51-9D94-482D12A366D6}.Debug|Any CPU.Build.0 = Debug|Any CPU
		{034F2C0E-F1A1-4A51-9D94-482D12A366D6}.Release|Any CPU.ActiveCfg = Release|Any CPU
		{034F2C0E-F1A1-4A51-9D94-482D12A366D6}.Release|Any CPU.Build.0 = Release|Any CPU
		{BE69F008-C248-45ED-8769-E1B0087B1208}.Debug|Any CPU.ActiveCfg = Debug|Any CPU
		{BE69F008-C248-45ED-8769-E1B0087B1208}.Debug|Any CPU.Build.0 = Debug|Any CPU
		{BE69F008-C248-45ED-8769-E1B0087B1208}.Release|Any CPU.ActiveCfg = Release|Any CPU
		{BE69F008-C248-45ED-8769-E1B0087B1208}.Release|Any CPU.Build.0 = Release|Any CPU
	EndGlobalSection
	GlobalSection(SolutionProperties) = preSolution
		HideSolutionNode = FALSE
	EndGlobalSection
	GlobalSection(ExtensibilityGlobals) = postSolution
		SolutionGuid = {2AB3420D-C2B0-4568-B053-F9A48CEEE47E}
	EndGlobalSection
EndGlobal
